
Microsoft Visual Studio Solution File, Format Version 12.00
# Visual Studio Version 16
VisualStudioVersion = 16.0.808.6
MinimumVisualStudioVersion = 10.0.40219.1
Project("{FAE04EC0-301F-11D3-BF4B-00C04F79EFBC}") = "ahbsd.lib.Nutrients", "ahbsd.lib.Nutrients\ahbsd.lib.Nutrients.csproj", "{9C92148F-6D68-4971-8047-FEB27F5B84B7}"
EndProject
Project("{FAE04EC0-301F-11D3-BF4B-00C04F79EFBC}") = "Test", "Test\Test.csproj", "{BA223874-4111-41C5-BF30-990ABBC5588D}"
EndProject
Global
	GlobalSection(SolutionConfigurationPlatforms) = preSolution
		Debug|Any CPU = Debug|Any CPU
		Release|Any CPU = Release|Any CPU
	EndGlobalSection
	GlobalSection(ProjectConfigurationPlatforms) = postSolution
		{9C92148F-6D68-4971-8047-FEB27F5B84B7}.Debug|Any CPU.ActiveCfg = Debug|Any CPU
		{9C92148F-6D68-4971-8047-FEB27F5B84B7}.Debug|Any CPU.Build.0 = Debug|Any CPU
		{9C92148F-6D68-4971-8047-FEB27F5B84B7}.Release|Any CPU.ActiveCfg = Release|Any CPU
		{9C92148F-6D68-4971-8047-FEB27F5B84B7}.Release|Any CPU.Build.0 = Release|Any CPU
		{BA223874-4111-41C5-BF30-990ABBC5588D}.Debug|Any CPU.ActiveCfg = Debug|Any CPU
		{BA223874-4111-41C5-BF30-990ABBC5588D}.Debug|Any CPU.Build.0 = Debug|Any CPU
		{BA223874-4111-41C5-BF30-990ABBC5588D}.Release|Any CPU.ActiveCfg = Release|Any CPU
		{BA223874-4111-41C5-BF30-990ABBC5588D}.Release|Any CPU.Build.0 = Release|Any CPU
	EndGlobalSection
	GlobalSection(SolutionProperties) = preSolution
		HideSolutionNode = FALSE
	EndGlobalSection
	GlobalSection(ExtensibilityGlobals) = postSolution
		SolutionGuid = {FCBF297E-A725-49C4-919B-891828875D67}
	EndGlobalSection
EndGlobal
